
Microsoft Visual Studio Solution File, Format Version 12.00
# Visual Studio 15
VisualStudioVersion = 15.0.26730.16
MinimumVisualStudioVersion = 10.0.40219.1
Project("{FAE04EC0-301F-11D3-BF4B-00C04F79EFBC}") = "consoleappusingcalculatelib", "consoleappusingcalculatelib\consoleappusingcalculatelib.csproj", "{E3C14389-A1FB-4CCC-B926-9D4FF74CD5BD}"
EndProject
Global
	GlobalSection(SolutionConfigurationPlatforms) = preSolution
		Debug|Any CPU = Debug|Any CPU
		Release|Any CPU = Release|Any CPU
	EndGlobalSection
	GlobalSection(ProjectConfigurationPlatforms) = postSolution
		{E3C14389-A1FB-4CCC-B926-9D4FF74CD5BD}.Debug|Any CPU.ActiveCfg = Debug|Any CPU
		{E3C14389-A1FB-4CCC-B926-9D4FF74CD5BD}.Debug|Any CPU.Build.0 = Debug|Any CPU
		{E3C14389-A1FB-4CCC-B926-9D4FF74CD5BD}.Release|Any CPU.ActiveCfg = Release|Any CPU
		{E3C14389-A1FB-4CCC-B926-9D4FF74CD5BD}.Release|Any CPU.Build.0 = Release|Any CPU
	EndGlobalSection
	GlobalSection(SolutionProperties) = preSolution
		HideSolutionNode = FALSE
	EndGlobalSection
	GlobalSection(ExtensibilityGlobals) = postSolution
		SolutionGuid = {0A77FE08-F774-40B4-BF37-B3C55D3604BD}
	EndGlobalSection
EndGlobal
